
Microsoft Visual Studio Solution File, Format Version 12.00
# Visual Studio 15
VisualStudioVersion = 15.0.27130.2010
MinimumVisualStudioVersion = 10.0.40219.1
Project("{FAE04EC0-301F-11D3-BF4B-00C04F79EFBC}") = "RevitSyncAlarm", "RevitSyncAlarm.csproj", "{1FE97C16-C0F3-4DC2-AD20-A99650389CAC}"
EndProject
Global
	GlobalSection(SolutionConfigurationPlatforms) = preSolution
		Debug|Any CPU = Debug|Any CPU
		Release|Any CPU = Release|Any CPU
	EndGlobalSection
	GlobalSection(ProjectConfigurationPlatforms) = postSolution
		{1FE97C16-C0F3-4DC2-AD20-A99650389CAC}.Debug|Any CPU.ActiveCfg = Debug|Any CPU
		{1FE97C16-C0F3-4DC2-AD20-A99650389CAC}.Debug|Any CPU.Build.0 = Debug|Any CPU
		{1FE97C16-C0F3-4DC2-AD20-A99650389CAC}.Release|Any CPU.ActiveCfg = Release|Any CPU
		{1FE97C16-C0F3-4DC2-AD20-A99650389CAC}.Release|Any CPU.Build.0 = Release|Any CPU
	EndGlobalSection
	GlobalSection(SolutionProperties) = preSolution
		HideSolutionNode = FALSE
	EndGlobalSection
	GlobalSection(ExtensibilityGlobals) = postSolution
		SolutionGuid = {649BC115-CD66-47B2-A01F-639A066114C7}
	EndGlobalSection
EndGlobal
